
Microsoft Visual Studio Solution File, Format Version 12.00
# Visual Studio Version 17
VisualStudioVersion = 17.10.35201.131
MinimumVisualStudioVersion = 10.0.40219.1
Project("{9A19103F-16F7-4668-BE54-9A1E7A4F7556}") = "BeerParty.BL", "BL\BeerParty.BL.csproj", "{3BBD666C-58EA-4C80-8B9B-FCF82A6D9D65}"
	ProjectSection(ProjectDependencies) = postProject
		{3C45FB93-6498-4099-9545-0F78E04DC862} = {3C45FB93-6498-4099-9545-0F78E04DC862}
	EndProjectSection
EndProject
Project("{9A19103F-16F7-4668-BE54-9A1E7A4F7556}") = "BeerParty.Data", "BeerParty.Data\BeerParty.Data.csproj", "{3C45FB93-6498-4099-9545-0F78E04DC862}"
EndProject
Project("{9A19103F-16F7-4668-BE54-9A1E7A4F7556}") = "BeerParty.Web", "BeerParty.Web\BeerParty.Web.csproj", "{0AC02D98-6566-499A-BEEE-69C7267C8E05}"
	ProjectSection(ProjectDependencies) = postProject
		{3BBD666C-58EA-4C80-8B9B-FCF82A6D9D65} = {3BBD666C-58EA-4C80-8B9B-FCF82A6D9D65}
		{3C45FB93-6498-4099-9545-0F78E04DC862} = {3C45FB93-6498-4099-9545-0F78E04DC862}
	EndProjectSection
EndProject
Global
	GlobalSection(SolutionConfigurationPlatforms) = preSolution
		Debug|Any CPU = Debug|Any CPU
		Release|Any CPU = Release|Any CPU
	EndGlobalSection
	GlobalSection(ProjectConfigurationPlatforms) = postSolution
		{3BBD666C-58EA-4C80-8B9B-FCF82A6D9D65}.Debug|Any CPU.ActiveCfg = Debug|Any CPU
		{3BBD666C-58EA-4C80-8B9B-FCF82A6D9D65}.Debug|Any CPU.Build.0 = Debug|Any CPU
		{3BBD666C-58EA-4C80-8B9B-FCF82A6D9D65}.Release|Any CPU.ActiveCfg = Release|Any CPU
		{3BBD666C-58EA-4C80-8B9B-FCF82A6D9D65}.Release|Any CPU.Build.0 = Release|Any CPU
		{3C45FB93-6498-4099-9545-0F78E04DC862}.Debug|Any CPU.ActiveCfg = Debug|Any CPU
		{3C45FB93-6498-4099-9545-0F78E04DC862}.Debug|Any CPU.Build.0 = Debug|Any CPU
		{3C45FB93-6498-4099-9545-0F78E04DC862}.Release|Any CPU.ActiveCfg = Release|Any CPU
		{3C45FB93-6498-4099-9545-0F78E04DC862}.Release|Any CPU.Build.0 = Release|Any CPU
		{0AC02D98-6566-499A-BEEE-69C7267C8E05}.Debug|Any CPU.ActiveCfg = Debug|Any CPU
		{0AC02D98-6566-499A-BEEE-69C7267C8E05}.Debug|Any CPU.Build.0 = Debug|Any CPU
		{0AC02D98-6566-499A-BEEE-69C7267C8E05}.Release|Any CPU.ActiveCfg = Release|Any CPU
		{0AC02D98-6566-499A-BEEE-69C7267C8E05}.Release|Any CPU.Build.0 = Release|Any CPU
	EndGlobalSection
	GlobalSection(SolutionProperties) = preSolution
		HideSolutionNode = FALSE
	EndGlobalSection
	GlobalSection(ExtensibilityGlobals) = postSolution
		SolutionGuid = {593D9BDC-2471-427C-BED0-74DE46A2200B}
	EndGlobalSection
EndGlobal
